{
  "nodes": {
    "nixpkgs": {
      "locked": {
        "lastModified": 1646588256,
        "narHash": "sha256-ZHljmNlt19nSm0Mz8fx6QEhddKUkU4hhwFmfNmGn+EY=",
        "owner": "NixOs",
        "repo": "nixpkgs",
        "rev": "2ebb6c1e5ae402ba35cca5eec58385e5f1adea04",
        "type": "github"
      },
      "original": {
        "owner": "NixOs",
        "ref": "nixos-21.11",
        "repo": "nixpkgs",
        "type": "github"
      }
    },
    "nixpkgsForGlibc": {
      "flake": false,
      "locked": {
        "lastModified": 1475375830,
        "narHash": "sha256-8K9wvu82flzlzpU1uJv/T8IaLGQlsCASwjxGcrVjpbM=",
        "owner": "NixOs",
        "repo": "nixpkgs",
        "rev": "f22817d8d2bc17d2bcdb8ac4308a4bce6f5d1d2b",
        "type": "github"
      },
      "original": {
        "owner": "NixOs",
        "ref": "16.09",
        "repo": "nixpkgs",
        "type": "github"
      }
    },
    "root": {
      "inputs": {
        "nixpkgs": "nixpkgs",
        "nixpkgsForGlibc": "nixpkgsForGlibc"
      }
    }
  },
  "root": "root",
  "version": 7
}
